{
  "name": "app",
  "version": "1.0.0",
  "lockfileVersion": 3,
  "requires": true,
  "packages": {
    "": {
      "name": "app",
      "version": "1.0.0",
      "license": "ISC",
      "dependencies": {
        "jquery": "3.4.0",
        "my-lib": "file:pkgs/my-lib-1.0.0.tgz"
      }
    },
    "node_modules/jquery": {
      "version": "3.4.0",
      "resolved": "https://registry.npmjs.org/jquery/-/jquery-3.4.0.tgz",
      "integrity": "sha512-ggRCXln9zEqv6OqAGXFEcshF5dSBvCkzj6Gm2gzuR5fWawaX8t7cxKVkkygKODrDAzKdoYw3l/e3pm3vlT4IbQ==",
      "deprecated": "This version is deprecated. Please upgrade to the latest version or find support at https://www.herodevs.com/support/jquery-nes.",
      "license": "MIT"
    },
    "node_modules/minimist": {
      "version": "0.0.8",
      "resolved": "https://registry.npmjs.org/minimist/-/minimist-0.0.8.tgz",
      "integrity": "sha512-miQKw5Hv4NS1Psg2517mV4e4dYNaO3++hjAvLOAzKqZ61rH8NS1SK+vbfBWZ5PY/Me/bEWhUwqMghEW5Fb9T7Q==",
      "license": "MIT"
    },
    "node_modules/my-lib": {
      "version": "1.0.0",
      "resolved": "file:pkgs/my-lib-1.0.0.tgz",
      "integrity": "sha512-hPzdkzIRSfHScYAzJ+BAswIIMJHskqPZKbPVaJILTIaIMQVqW3YEKGaJN8f1WRMGPJ9mYO3zdeihQS4dn/yEVA==",
      "license": "ISC",
      "dependencies": {
        "minimist": "0.0.8"
      }
    }
  }
}
